// !$*UTF8*$!
{
	archiveVersion = 1;
	classes = {
	};
	objectVersion = 77;
	objects = {

/* Begin PBXBuildFile section */
		0846D2E658EE98E627FBB0A5 /* siren.wav in Resources */ = {isa = PBXBuildFile; fileRef = C69C200025623524488FF443 /* siren.wav */; };
		18412660F5069743AE766A32 /* CameraApproachTests.swift in Sources */ = {isa = PBXBuildFile; fileRef = 626EAA8C2A9955CCD46F8BF8 /* CameraApproachTests.swift */; };
		2B2E34C843E4B749B8768DFD /* ReportProblemView.swift in Sources */ = {isa = PBXBuildFile; fileRef = BBCF7A738632909C3248C414 /* ReportProblemView.swift */; };
		2E7B86187A1CFEC9DC6BE648 /* SupportDiagnostics.swift in Sources */ = {isa = PBXBuildFile; fileRef = C3378984DFB0CBA142A39FD6 /* SupportDiagnostics.swift */; };
		64A7A39D8C922DB6359BDB20 /* Assets.xcassets in Resources */ = {isa = PBXBuildFile; fileRef = 26746EA45AB88B7E205BA8CB /* Assets.xcassets */; };
		6902E5715262B5351B4B7C02 /* cameras.json in Resources */ = {isa = PBXBuildFile; fileRef = 9372829467325A48A981C28E /* cameras.json */; };
		805BDE0157010983D658E015 /* MonitoringController.swift in Sources */ = {isa = PBXBuildFile; fileRef = 25D4BF80562A1AF4EAB94B80 /* MonitoringController.swift */; };
		88EB6725C287529773086875 /* FineMeNotApp.swift in Sources */ = {isa = PBXBuildFile; fileRef = 769B1E84C52CF2C03A6B8904 /* FineMeNotApp.swift */; };
		B6CE31146A9DB712D807D59C /* AlertPresenter.swift in Sources */ = {isa = PBXBuildFile; fileRef = 22A3B2801432BA9232F9E83E /* AlertPresenter.swift */; };
		B7A4CC7E81753796EBE4D2E8 /* SupportSnapshot.swift in Sources */ = {isa = PBXBuildFile; fileRef = AA63CF0C66A2ABA1851719ED /* SupportSnapshot.swift */; };
		C2D5116C210A6A3AD6EB9677 /* AppLinks.swift in Sources */ = {isa = PBXBuildFile; fileRef = 159AFB1BAF8630A2BE9B1534 /* AppLinks.swift */; };
		CEAE10CBC3F2EFEB62CF7E05 /* camera-approach.json in Resources */ = {isa = PBXBuildFile; fileRef = 6C7B424A156523028F234A9C /* camera-approach.json */; };
		D05BF1093F023B7E7B2CC703 /* CameraCore in Frameworks */ = {isa = PBXBuildFile; productRef = 8CE4B92D3D67881308F0B880 /* CameraCore */; };
		E1A4F36DFDB52B6D2AEC8D63 /* SupportCore in Frameworks */ = {isa = PBXBuildFile; productRef = C8C989D22EF81DBABC7C2B87 /* SupportCore */; };
		E3688E6C69A9CD2C8B8CA070 /* SettingsView.swift in Sources */ = {isa = PBXBuildFile; fileRef = 4E6D6C1C16AC3E69E9276718 /* SettingsView.swift */; };
		F1FF10099611FE15F35E05FB /* CameraStore.swift in Sources */ = {isa = PBXBuildFile; fileRef = 19E606E885B4EB83048AE48E /* CameraStore.swift */; };
		FA9EC1381339D65396A1F8B3 /* PrivacyInfo.xcprivacy in Resources */ = {isa = PBXBuildFile; fileRef = 51732EB72BB997A6B1EDE637 /* PrivacyInfo.xcprivacy */; };
		FEF36A00E6B3A9AB817E4C1A /* BrandHeader.swift in Sources */ = {isa = PBXBuildFile; fileRef = FBE827EF75FA4315E2612444 /* BrandHeader.swift */; };
/* End PBXBuildFile section */

/* Begin PBXContainerItemProxy section */
		552028B366413D8B27AE0FE3 /* PBXContainerItemProxy */ = {
			isa = PBXContainerItemProxy;
			containerPortal = 04DFD4D41A572CFF288D2791 /* Project object */;
			proxyType = 1;
			remoteGlobalIDString = 018EB2BA0F00A1AE01FBA402;
			remoteInfo = FineMeNot;
		};
/* End PBXContainerItemProxy section */

/* Begin PBXFileReference section */
		159AFB1BAF8630A2BE9B1534 /* AppLinks.swift */ = {isa = PBXFileReference; lastKnownFileType = sourcecode.swift; path = AppLinks.swift; sourceTree = "<group>"; };
		19E606E885B4EB83048AE48E /* CameraStore.swift */ = {isa = PBXFileReference; lastKnownFileType = sourcecode.swift; path = CameraStore.swift; sourceTree = "<group>"; };
		22A3B2801432BA9232F9E83E /* AlertPresenter.swift */ = {isa = PBXFileReference; lastKnownFileType = sourcecode.swift; path = AlertPresenter.swift; sourceTree = "<group>"; };
		25D4BF80562A1AF4EAB94B80 /* MonitoringController.swift */ = {isa = PBXFileReference; lastKnownFileType = sourcecode.swift; path = MonitoringController.swift; sourceTree = "<group>"; };
		26746EA45AB88B7E205BA8CB /* Assets.xcassets */ = {isa = PBXFileReference; lastKnownFileType = folder.assetcatalog; path = Assets.xcassets; sourceTree = "<group>"; };
		4E6D6C1C16AC3E69E9276718 /* SettingsView.swift */ = {isa = PBXFileReference; lastKnownFileType = sourcecode.swift; path = SettingsView.swift; sourceTree = "<group>"; };
		51732EB72BB997A6B1EDE637 /* PrivacyInfo.xcprivacy */ = {isa = PBXFileReference; path = PrivacyInfo.xcprivacy; sourceTree = "<group>"; };
		626EAA8C2A9955CCD46F8BF8 /* CameraApproachTests.swift */ = {isa = PBXFileReference; lastKnownFileType = sourcecode.swift; path = CameraApproachTests.swift; sourceTree = "<group>"; };
		6C7B424A156523028F234A9C /* camera-approach.json */ = {isa = PBXFileReference; lastKnownFileType = text.json; path = "camera-approach.json"; sourceTree = "<group>"; };
		769B1E84C52CF2C03A6B8904 /* FineMeNotApp.swift */ = {isa = PBXFileReference; lastKnownFileType = sourcecode.swift; path = FineMeNotApp.swift; sourceTree = "<group>"; };
		8BFAAEF21C56DFDC051FC509 /* Info.plist */ = {isa = PBXFileReference; lastKnownFileType = text.plist; path = Info.plist; sourceTree = "<group>"; };
		9372829467325A48A981C28E /* cameras.json */ = {isa = PBXFileReference; lastKnownFileType = text.json; path = cameras.json; sourceTree = "<group>"; };
		AA63CF0C66A2ABA1851719ED /* SupportSnapshot.swift */ = {isa = PBXFileReference; lastKnownFileType = sourcecode.swift; path = SupportSnapshot.swift; sourceTree = "<group>"; };
		B46111783B4D816B8A99A269 /* FineMeNot.entitlements */ = {isa = PBXFileReference; lastKnownFileType = text.plist.entitlements; path = FineMeNot.entitlements; sourceTree = "<group>"; };
		BBCF7A738632909C3248C414 /* ReportProblemView.swift */ = {isa = PBXFileReference; lastKnownFileType = sourcecode.swift; path = ReportProblemView.swift; sourceTree = "<group>"; };
		C3378984DFB0CBA142A39FD6 /* SupportDiagnostics.swift */ = {isa = PBXFileReference; lastKnownFileType = sourcecode.swift; path = SupportDiagnostics.swift; sourceTree = "<group>"; };
		C69C200025623524488FF443 /* siren.wav */ = {isa = PBXFileReference; lastKnownFileType = audio.wav; path = siren.wav; sourceTree = "<group>"; };
		CB91157ED0519BE807494308 /* CompatibilityUITests.xctest */ = {isa = PBXFileReference; includeInIndex = 0; lastKnownFileType = wrapper.cfbundle; path = CompatibilityUITests.xctest; sourceTree = BUILT_PRODUCTS_DIR; };
		D6EE77FEA81E70F52F513497 /* road-notice */ = {isa = PBXFileReference; lastKnownFileType = folder; name = "road-notice"; path = .; sourceTree = SOURCE_ROOT; };
		DA307FC16CA7335FDDA811CE /* FineMeNot.app */ = {isa = PBXFileReference; includeInIndex = 0; lastKnownFileType = wrapper.application; path = FineMeNot.app; sourceTree = BUILT_PRODUCTS_DIR; };
		FBE827EF75FA4315E2612444 /* BrandHeader.swift */ = {isa = PBXFileReference; lastKnownFileType = sourcecode.swift; path = BrandHeader.swift; sourceTree = "<group>"; };
/* End PBXFileReference section */

/* Begin PBXFrameworksBuildPhase section */
		939FFEC0312FFFE592C651F8 /* Frameworks */ = {
			isa = PBXFrameworksBuildPhase;
			buildActionMask = 2147483647;
			files = (
				D05BF1093F023B7E7B2CC703 /* CameraCore in Frameworks */,
				E1A4F36DFDB52B6D2AEC8D63 /* SupportCore in Frameworks */,
			);
			runOnlyForDeploymentPostprocessing = 0;
		};
/* End PBXFrameworksBuildPhase section */

/* Begin PBXGroup section */
		13CFD463845E3B687939972F /* Published */ = {
			isa = PBXGroup;
			children = (
				9372829467325A48A981C28E /* cameras.json */,
			);
			path = Published;
			sourceTree = "<group>";
		};
		339D20B5C45A85629A00F9DD /* Fixtures */ = {
			isa = PBXGroup;
			children = (
				6C7B424A156523028F234A9C /* camera-approach.json */,
			);
			path = Fixtures;
			sourceTree = "<group>";
		};
		543199360C5D1E331A0E9433 /* Resources */ = {
			isa = PBXGroup;
			children = (
				26746EA45AB88B7E205BA8CB /* Assets.xcassets */,
				51732EB72BB997A6B1EDE637 /* PrivacyInfo.xcprivacy */,
				C69C200025623524488FF443 /* siren.wav */,
			);
			path = Resources;
			sourceTree = "<group>";
		};
		697EA669EC22368575D180E0 /* Data */ = {
			isa = PBXGroup;
			children = (
				13CFD463845E3B687939972F /* Published */,
			);
			path = Data;
			sourceTree = "<group>";
		};
		77FF02E5D07514F4439F85EE /* Tests */ = {
			isa = PBXGroup;
			children = (
				7A39CA43924902D96E771E76 /* CompatibilityUITests */,
				339D20B5C45A85629A00F9DD /* Fixtures */,
			);
			path = Tests;
			sourceTree = "<group>";
		};
		7A39CA43924902D96E771E76 /* CompatibilityUITests */ = {
			isa = PBXGroup;
			children = (
				626EAA8C2A9955CCD46F8BF8 /* CameraApproachTests.swift */,
			);
			path = CompatibilityUITests;
			sourceTree = "<group>";
		};
		7FA55038BE7FA8CE6CCF4AFA = {
			isa = PBXGroup;
			children = (
				AE206C6C2188F398FE9A601F /* App */,
				697EA669EC22368575D180E0 /* Data */,
				C99D78AD14EA3D3BE4CA2673 /* Packages */,
				77FF02E5D07514F4439F85EE /* Tests */,
				B89525318DBFB9697AB819CA /* Products */,
			);
			sourceTree = "<group>";
		};
		AE206C6C2188F398FE9A601F /* App */ = {
			isa = PBXGroup;
			children = (
				22A3B2801432BA9232F9E83E /* AlertPresenter.swift */,
				159AFB1BAF8630A2BE9B1534 /* AppLinks.swift */,
				FBE827EF75FA4315E2612444 /* BrandHeader.swift */,
				19E606E885B4EB83048AE48E /* CameraStore.swift */,
				B46111783B4D816B8A99A269 /* FineMeNot.entitlements */,
				769B1E84C52CF2C03A6B8904 /* FineMeNotApp.swift */,
				8BFAAEF21C56DFDC051FC509 /* Info.plist */,
				25D4BF80562A1AF4EAB94B80 /* MonitoringController.swift */,
				BBCF7A738632909C3248C414 /* ReportProblemView.swift */,
				4E6D6C1C16AC3E69E9276718 /* SettingsView.swift */,
				C3378984DFB0CBA142A39FD6 /* SupportDiagnostics.swift */,
				AA63CF0C66A2ABA1851719ED /* SupportSnapshot.swift */,
				543199360C5D1E331A0E9433 /* Resources */,
			);
			path = App;
			sourceTree = "<group>";
		};
		B89525318DBFB9697AB819CA /* Products */ = {
			isa = PBXGroup;
			children = (
				CB91157ED0519BE807494308 /* CompatibilityUITests.xctest */,
				DA307FC16CA7335FDDA811CE /* FineMeNot.app */,
			);
			name = Products;
			sourceTree = "<group>";
		};
		C99D78AD14EA3D3BE4CA2673 /* Packages */ = {
			isa = PBXGroup;
			children = (
				D6EE77FEA81E70F52F513497 /* road-notice */,
			);
			name = Packages;
			sourceTree = "<group>";
		};
/* End PBXGroup section */

/* Begin PBXNativeTarget section */
		018EB2BA0F00A1AE01FBA402 /* FineMeNot */ = {
			isa = PBXNativeTarget;
			buildConfigurationList = C518BBD1111A240ED9D0410F /* Build configuration list for PBXNativeTarget "FineMeNot" */;
			buildPhases = (
				EDB9969AAC884CEB4A293C3F /* Sources */,
				AA023A1E3E4F6379D845CC54 /* Resources */,
				939FFEC0312FFFE592C651F8 /* Frameworks */,
			);
			buildRules = (
			);
			dependencies = (
			);
			name = FineMeNot;
			packageProductDependencies = (
				8CE4B92D3D67881308F0B880 /* CameraCore */,
				C8C989D22EF81DBABC7C2B87 /* SupportCore */,
			);
			productName = FineMeNot;
			productReference = DA307FC16CA7335FDDA811CE /* FineMeNot.app */;
			productType = "com.apple.product-type.application";
		};
		711587C23B30CF9D7688B197 /* CompatibilityUITests */ = {
			isa = PBXNativeTarget;
			buildConfigurationList = A328789E1E1C8A109AEF2CF2 /* Build configuration list for PBXNativeTarget "CompatibilityUITests" */;
			buildPhases = (
				D00A69632F7A4287D0EDEE5F /* Sources */,
				BF696CA86CF29E2BF9269875 /* Resources */,
			);
			buildRules = (
			);
			dependencies = (
				7909BC1AACAAB30366F8A3F3 /* PBXTargetDependency */,
			);
			name = CompatibilityUITests;
			packageProductDependencies = (
			);
			productName = CompatibilityUITests;
			productReference = CB91157ED0519BE807494308 /* CompatibilityUITests.xctest */;
			productType = "com.apple.product-type.bundle.ui-testing";
		};
/* End PBXNativeTarget section */

/* Begin PBXProject section */
		04DFD4D41A572CFF288D2791 /* Project object */ = {
			isa = PBXProject;
			attributes = {
				BuildIndependentTargetsInParallel = YES;
				LastUpgradeCheck = 1430;
				TargetAttributes = {
					018EB2BA0F00A1AE01FBA402 = {
						DevelopmentTeam = PWT3Q52LZ2;
						ProvisioningStyle = Automatic;
					};
					711587C23B30CF9D7688B197 = {
						DevelopmentTeam = PWT3Q52LZ2;
						TestTargetID = 018EB2BA0F00A1AE01FBA402;
					};
				};
			};
			buildConfigurationList = 3414F28E5A0F6C586ECC7271 /* Build configuration list for PBXProject "FineMeNot" */;
			developmentRegion = en;
			hasScannedForEncodings = 0;
			knownRegions = (
				Base,
				en,
			);
			mainGroup = 7FA55038BE7FA8CE6CCF4AFA;
			minimizedProjectReferenceProxies = 1;
			packageReferences = (
				BAE280220036C7F87C1A780E /* XCLocalSwiftPackageReference "." */,
			);
			preferredProjectObjectVersion = 77;
			productRefGroup = B89525318DBFB9697AB819CA /* Products */;
			projectDirPath = "";
			projectRoot = "";
			targets = (
				018EB2BA0F00A1AE01FBA402 /* FineMeNot */,
				711587C23B30CF9D7688B197 /* CompatibilityUITests */,
			);
		};
/* End PBXProject section */

/* Begin PBXResourcesBuildPhase section */
		AA023A1E3E4F6379D845CC54 /* Resources */ = {
			isa = PBXResourcesBuildPhase;
			buildActionMask = 2147483647;
			files = (
				64A7A39D8C922DB6359BDB20 /* Assets.xcassets in Resources */,
				FA9EC1381339D65396A1F8B3 /* PrivacyInfo.xcprivacy in Resources */,
				6902E5715262B5351B4B7C02 /* cameras.json in Resources */,
				0846D2E658EE98E627FBB0A5 /* siren.wav in Resources */,
			);
			runOnlyForDeploymentPostprocessing = 0;
		};
		BF696CA86CF29E2BF9269875 /* Resources */ = {
			isa = PBXResourcesBuildPhase;
			buildActionMask = 2147483647;
			files = (
				CEAE10CBC3F2EFEB62CF7E05 /* camera-approach.json in Resources */,
			);
			runOnlyForDeploymentPostprocessing = 0;
		};
/* End PBXResourcesBuildPhase section */

/* Begin PBXSourcesBuildPhase section */
		D00A69632F7A4287D0EDEE5F /* Sources */ = {
			isa = PBXSourcesBuildPhase;
			buildActionMask = 2147483647;
			files = (
				18412660F5069743AE766A32 /* CameraApproachTests.swift in Sources */,
			);
			runOnlyForDeploymentPostprocessing = 0;
		};
		EDB9969AAC884CEB4A293C3F /* Sources */ = {
			isa = PBXSourcesBuildPhase;
			buildActionMask = 2147483647;
			files = (
				B6CE31146A9DB712D807D59C /* AlertPresenter.swift in Sources */,
				C2D5116C210A6A3AD6EB9677 /* AppLinks.swift in Sources */,
				FEF36A00E6B3A9AB817E4C1A /* BrandHeader.swift in Sources */,
				F1FF10099611FE15F35E05FB /* CameraStore.swift in Sources */,
				88EB6725C287529773086875 /* FineMeNotApp.swift in Sources */,
				805BDE0157010983D658E015 /* MonitoringController.swift in Sources */,
				2B2E34C843E4B749B8768DFD /* ReportProblemView.swift in Sources */,
				E3688E6C69A9CD2C8B8CA070 /* SettingsView.swift in Sources */,
				2E7B86187A1CFEC9DC6BE648 /* SupportDiagnostics.swift in Sources */,
				B7A4CC7E81753796EBE4D2E8 /* SupportSnapshot.swift in Sources */,
			);
			runOnlyForDeploymentPostprocessing = 0;
		};
/* End PBXSourcesBuildPhase section */

/* Begin PBXTargetDependency section */
		7909BC1AACAAB30366F8A3F3 /* PBXTargetDependency */ = {
			isa = PBXTargetDependency;
			target = 018EB2BA0F00A1AE01FBA402 /* FineMeNot */;
			targetProxy = 552028B366413D8B27AE0FE3 /* PBXContainerItemProxy */;
		};
/* End PBXTargetDependency section */

/* Begin XCBuildConfiguration section */
		039B1832EF2D22A6AC7927DF /* Debug */ = {
			isa = XCBuildConfiguration;
			buildSettings = {
				ASSETCATALOG_COMPILER_APPICON_NAME = AppIcon;
				CODE_SIGN_ENTITLEMENTS = App/FineMeNot.entitlements;
				CODE_SIGN_IDENTITY = "iPhone Developer";
				CODE_SIGN_STYLE = Automatic;
				INFOPLIST_FILE = App/Info.plist;
				LD_RUNPATH_SEARCH_PATHS = (
					"$(inherited)",
					"@executable_path/Frameworks",
				);
				PRODUCT_BUNDLE_IDENTIFIER = "xyz.dustwave.fine-me-not";
				PRODUCT_NAME = FineMeNot;
				SDKROOT = iphoneos;
				SUPPORTS_MACCATALYST = NO;
				SUPPORTS_MAC_DESIGNED_FOR_IPHONE_IPAD = NO;
				TARGETED_DEVICE_FAMILY = 1;
			};
			name = Debug;
		};
		3A24CDF09C8DB844362B2989 /* Debug */ = {
			isa = XCBuildConfiguration;
			buildSettings = {
				ALWAYS_SEARCH_USER_PATHS = NO;
				CLANG_ANALYZER_NONNULL = YES;
				CLANG_ANALYZER_NUMBER_OBJECT_CONVERSION = YES_AGGRESSIVE;
				CLANG_CXX_LANGUAGE_STANDARD = "gnu++14";
				CLANG_CXX_LIBRARY = "libc++";
				CLANG_ENABLE_MODULES = YES;
				CLANG_ENABLE_OBJC_ARC = YES;
				CLANG_ENABLE_OBJC_WEAK = YES;
				CLANG_WARN_BLOCK_CAPTURE_AUTORELEASING = YES;
				CLANG_WARN_BOOL_CONVERSION = YES;
				CLANG_WARN_COMMA = YES;
				CLANG_WARN_CONSTANT_CONVERSION = YES;
				CLANG_WARN_DEPRECATED_OBJC_IMPLEMENTATIONS = YES;
				CLANG_WARN_DIRECT_OBJC_ISA_USAGE = YES_ERROR;
				CLANG_WARN_DOCUMENTATION_COMMENTS = YES;
				CLANG_WARN_EMPTY_BODY = YES;
				CLANG_WARN_ENUM_CONVERSION = YES;
				CLANG_WARN_INFINITE_RECURSION = YES;
				CLANG_WARN_INT_CONVERSION = YES;
				CLANG_WARN_NON_LITERAL_NULL_CONVERSION = YES;
				CLANG_WARN_OBJC_IMPLICIT_RETAIN_SELF = YES;
				CLANG_WARN_OBJC_LITERAL_CONVERSION = YES;
				CLANG_WARN_OBJC_ROOT_CLASS = YES_ERROR;
				CLANG_WARN_QUOTED_INCLUDE_IN_FRAMEWORK_HEADER = YES;
				CLANG_WARN_RANGE_LOOP_ANALYSIS = YES;
				CLANG_WARN_STRICT_PROTOTYPES = YES;
				CLANG_WARN_SUSPICIOUS_MOVE = YES;
				CLANG_WARN_UNGUARDED_AVAILABILITY = YES_AGGRESSIVE;
				CLANG_WARN_UNREACHABLE_CODE = YES;
				CLANG_WARN__DUPLICATE_METHOD_MATCH = YES;
				COPY_PHASE_STRIP = NO;
				CURRENT_PROJECT_VERSION = 13;
				DEBUG_INFORMATION_FORMAT = dwarf;
				DEVELOPMENT_TEAM = PWT3Q52LZ2;
				ENABLE_STRICT_OBJC_MSGSEND = YES;
				ENABLE_TESTABILITY = YES;
				GCC_C_LANGUAGE_STANDARD = gnu11;
				GCC_DYNAMIC_NO_PIC = NO;
				GCC_NO_COMMON_BLOCKS = YES;
				GCC_OPTIMIZATION_LEVEL = 0;
				GCC_PREPROCESSOR_DEFINITIONS = (
					"$(inherited)",
					"DEBUG=1",
				);
				GCC_WARN_64_TO_32_BIT_CONVERSION = YES;
				GCC_WARN_ABOUT_RETURN_TYPE = YES_ERROR;
				GCC_WARN_UNDECLARED_SELECTOR = YES;
				GCC_WARN_UNINITIALIZED_AUTOS = YES_AGGRESSIVE;
				GCC_WARN_UNUSED_FUNCTION = YES;
				GCC_WARN_UNUSED_VARIABLE = YES;
				IPHONEOS_DEPLOYMENT_TARGET = 17.0;
				MARKETING_VERSION = 1.0.5;
				MTL_ENABLE_DEBUG_INFO = INCLUDE_SOURCE;
				MTL_FAST_MATH = YES;
				ONLY_ACTIVE_ARCH = YES;
				PRODUCT_NAME = "$(TARGET_NAME)";
				SDKROOT = iphoneos;
				SWIFT_ACTIVE_COMPILATION_CONDITIONS = DEBUG;
				SWIFT_OPTIMIZATION_LEVEL = "-Onone";
				SWIFT_VERSION = 6.0;
			};
			name = Debug;
		};
		4E83FB98DABFF40493CCB8E9 /* Release */ = {
			isa = XCBuildConfiguration;
			buildSettings = {
				ASSETCATALOG_COMPILER_APPICON_NAME = AppIcon;
				CODE_SIGN_ENTITLEMENTS = App/FineMeNot.entitlements;
				CODE_SIGN_IDENTITY = "iPhone Developer";
				CODE_SIGN_STYLE = Automatic;
				INFOPLIST_FILE = App/Info.plist;
				LD_RUNPATH_SEARCH_PATHS = (
					"$(inherited)",
					"@executable_path/Frameworks",
				);
				PRODUCT_BUNDLE_IDENTIFIER = "xyz.dustwave.fine-me-not";
				PRODUCT_NAME = FineMeNot;
				SDKROOT = iphoneos;
				SUPPORTS_MACCATALYST = NO;
				SUPPORTS_MAC_DESIGNED_FOR_IPHONE_IPAD = NO;
				TARGETED_DEVICE_FAMILY = 1;
			};
			name = Release;
		};
		7E091A5D4914EDC31020A787 /* Release */ = {
			isa = XCBuildConfiguration;
			buildSettings = {
				BUNDLE_LOADER = "$(TEST_HOST)";
				GENERATE_INFOPLIST_FILE = YES;
				LD_RUNPATH_SEARCH_PATHS = (
					"$(inherited)",
					"@executable_path/Frameworks",
					"@loader_path/Frameworks",
				);
				PRODUCT_BUNDLE_IDENTIFIER = "xyz.dustwave.fine-me-not.compatibility-tests";
				SDKROOT = iphoneos;
				TARGETED_DEVICE_FAMILY = 1;
				TEST_TARGET_NAME = FineMeNot;
			};
			name = Release;
		};
		CD08A39597ED73745BD00E1F /* Debug */ = {
			isa = XCBuildConfiguration;
			buildSettings = {
				BUNDLE_LOADER = "$(TEST_HOST)";
				GENERATE_INFOPLIST_FILE = YES;
				LD_RUNPATH_SEARCH_PATHS = (
					"$(inherited)",
					"@executable_path/Frameworks",
					"@loader_path/Frameworks",
				);
				PRODUCT_BUNDLE_IDENTIFIER = "xyz.dustwave.fine-me-not.compatibility-tests";
				SDKROOT = iphoneos;
				TARGETED_DEVICE_FAMILY = 1;
				TEST_TARGET_NAME = FineMeNot;
			};
			name = Debug;
		};
		DEF3D73FDD1B045B4F36133D /* Release */ = {
			isa = XCBuildConfiguration;
			buildSettings = {
				ALWAYS_SEARCH_USER_PATHS = NO;
				CLANG_ANALYZER_NONNULL = YES;
				CLANG_ANALYZER_NUMBER_OBJECT_CONVERSION = YES_AGGRESSIVE;
				CLANG_CXX_LANGUAGE_STANDARD = "gnu++14";
				CLANG_CXX_LIBRARY = "libc++";
				CLANG_ENABLE_MODULES = YES;
				CLANG_ENABLE_OBJC_ARC = YES;
				CLANG_ENABLE_OBJC_WEAK = YES;
				CLANG_WARN_BLOCK_CAPTURE_AUTORELEASING = YES;
				CLANG_WARN_BOOL_CONVERSION = YES;
				CLANG_WARN_COMMA = YES;
				CLANG_WARN_CONSTANT_CONVERSION = YES;
				CLANG_WARN_DEPRECATED_OBJC_IMPLEMENTATIONS = YES;
				CLANG_WARN_DIRECT_OBJC_ISA_USAGE = YES_ERROR;
				CLANG_WARN_DOCUMENTATION_COMMENTS = YES;
				CLANG_WARN_EMPTY_BODY = YES;
				CLANG_WARN_ENUM_CONVERSION = YES;
				CLANG_WARN_INFINITE_RECURSION = YES;
				CLANG_WARN_INT_CONVERSION = YES;
				CLANG_WARN_NON_LITERAL_NULL_CONVERSION = YES;
				CLANG_WARN_OBJC_IMPLICIT_RETAIN_SELF = YES;
				CLANG_WARN_OBJC_LITERAL_CONVERSION = YES;
				CLANG_WARN_OBJC_ROOT_CLASS = YES_ERROR;
				CLANG_WARN_QUOTED_INCLUDE_IN_FRAMEWORK_HEADER = YES;
				CLANG_WARN_RANGE_LOOP_ANALYSIS = YES;
				CLANG_WARN_STRICT_PROTOTYPES = YES;
				CLANG_WARN_SUSPICIOUS_MOVE = YES;
				CLANG_WARN_UNGUARDED_AVAILABILITY = YES_AGGRESSIVE;
				CLANG_WARN_UNREACHABLE_CODE = YES;
				CLANG_WARN__DUPLICATE_METHOD_MATCH = YES;
				COPY_PHASE_STRIP = NO;
				CURRENT_PROJECT_VERSION = 13;
				DEBUG_INFORMATION_FORMAT = "dwarf-with-dsym";
				DEVELOPMENT_TEAM = PWT3Q52LZ2;
				ENABLE_NS_ASSERTIONS = NO;
				ENABLE_STRICT_OBJC_MSGSEND = YES;
				GCC_C_LANGUAGE_STANDARD = gnu11;
				GCC_NO_COMMON_BLOCKS = YES;
				GCC_WARN_64_TO_32_BIT_CONVERSION = YES;
				GCC_WARN_ABOUT_RETURN_TYPE = YES_ERROR;
				GCC_WARN_UNDECLARED_SELECTOR = YES;
				GCC_WARN_UNINITIALIZED_AUTOS = YES_AGGRESSIVE;
				GCC_WARN_UNUSED_FUNCTION = YES;
				GCC_WARN_UNUSED_VARIABLE = YES;
				IPHONEOS_DEPLOYMENT_TARGET = 17.0;
				MARKETING_VERSION = 1.0.5;
				MTL_ENABLE_DEBUG_INFO = NO;
				MTL_FAST_MATH = YES;
				PRODUCT_NAME = "$(TARGET_NAME)";
				SDKROOT = iphoneos;
				SWIFT_COMPILATION_MODE = wholemodule;
				SWIFT_OPTIMIZATION_LEVEL = "-O";
				SWIFT_VERSION = 6.0;
			};
			name = Release;
		};
/* End XCBuildConfiguration section */

/* Begin XCConfigurationList section */
		3414F28E5A0F6C586ECC7271 /* Build configuration list for PBXProject "FineMeNot" */ = {
			isa = XCConfigurationList;
			buildConfigurations = (
				3A24CDF09C8DB844362B2989 /* Debug */,
				DEF3D73FDD1B045B4F36133D /* Release */,
			);
			defaultConfigurationIsVisible = 0;
			defaultConfigurationName = Debug;
		};
		A328789E1E1C8A109AEF2CF2 /* Build configuration list for PBXNativeTarget "CompatibilityUITests" */ = {
			isa = XCConfigurationList;
			buildConfigurations = (
				CD08A39597ED73745BD00E1F /* Debug */,
				7E091A5D4914EDC31020A787 /* Release */,
			);
			defaultConfigurationIsVisible = 0;
			defaultConfigurationName = Debug;
		};
		C518BBD1111A240ED9D0410F /* Build configuration list for PBXNativeTarget "FineMeNot" */ = {
			isa = XCConfigurationList;
			buildConfigurations = (
				039B1832EF2D22A6AC7927DF /* Debug */,
				4E83FB98DABFF40493CCB8E9 /* Release */,
			);
			defaultConfigurationIsVisible = 0;
			defaultConfigurationName = Debug;
		};
/* End XCConfigurationList section */

/* Begin XCLocalSwiftPackageReference section */
		BAE280220036C7F87C1A780E /* XCLocalSwiftPackageReference "." */ = {
			isa = XCLocalSwiftPackageReference;
			relativePath = .;
		};
/* End XCLocalSwiftPackageReference section */

/* Begin XCSwiftPackageProductDependency section */
		8CE4B92D3D67881308F0B880 /* CameraCore */ = {
			isa = XCSwiftPackageProductDependency;
			productName = CameraCore;
		};
		C8C989D22EF81DBABC7C2B87 /* SupportCore */ = {
			isa = XCSwiftPackageProductDependency;
			productName = SupportCore;
		};
/* End XCSwiftPackageProductDependency section */
	};
	rootObject = 04DFD4D41A572CFF288D2791 /* Project object */;
}
